
Microsoft Visual Studio Solution File, Format Version 12.00
# Visual Studio Version 18
VisualStudioVersion = 18.0.11222.15 d18.0
MinimumVisualStudioVersion = 10.0.40219.1
Project("{FAE04EC0-301F-11D3-BF4B-00C04F79EFBC}") = "daythree", "daythree.csproj", "{BCE7B72D-81D1-114B-0F13-0BCB1F37727A}"
EndProject
Global
	GlobalSection(SolutionConfigurationPlatforms) = preSolution
		Debug|Any CPU = Debug|Any CPU
		Release|Any CPU = Release|Any CPU
	EndGlobalSection
	GlobalSection(ProjectConfigurationPlatforms) = postSolution
		{BCE7B72D-81D1-114B-0F13-0BCB1F37727A}.Debug|Any CPU.ActiveCfg = Debug|Any CPU
		{BCE7B72D-81D1-114B-0F13-0BCB1F37727A}.Debug|Any CPU.Build.0 = Debug|Any CPU
		{BCE7B72D-81D1-114B-0F13-0BCB1F37727A}.Release|Any CPU.ActiveCfg = Release|Any CPU
		{BCE7B72D-81D1-114B-0F13-0BCB1F37727A}.Release|Any CPU.Build.0 = Release|Any CPU
	EndGlobalSection
	GlobalSection(SolutionProperties) = preSolution
		HideSolutionNode = FALSE
	EndGlobalSection
	GlobalSection(ExtensibilityGlobals) = postSolution
		SolutionGuid = {3FD36002-648C-44FB-9D38-98EF1C329AAC}
	EndGlobalSection
EndGlobal
