
Microsoft Visual Studio Solution File, Format Version 12.00
# Visual Studio Version 18
VisualStudioVersion = 18.0.11222.15 d18.0
MinimumVisualStudioVersion = 10.0.40219.1
Project("{FAE04EC0-301F-11D3-BF4B-00C04F79EFBC}") = "daytwo", "daytwo.csproj", "{95FF3688-23DF-90C8-37CF-EFBB4EC976BA}"
EndProject
Global
	GlobalSection(SolutionConfigurationPlatforms) = preSolution
		Debug|Any CPU = Debug|Any CPU
		Release|Any CPU = Release|Any CPU
	EndGlobalSection
	GlobalSection(ProjectConfigurationPlatforms) = postSolution
		{95FF3688-23DF-90C8-37CF-EFBB4EC976BA}.Debug|Any CPU.ActiveCfg = Debug|Any CPU
		{95FF3688-23DF-90C8-37CF-EFBB4EC976BA}.Debug|Any CPU.Build.0 = Debug|Any CPU
		{95FF3688-23DF-90C8-37CF-EFBB4EC976BA}.Release|Any CPU.ActiveCfg = Release|Any CPU
		{95FF3688-23DF-90C8-37CF-EFBB4EC976BA}.Release|Any CPU.Build.0 = Release|Any CPU
	EndGlobalSection
	GlobalSection(SolutionProperties) = preSolution
		HideSolutionNode = FALSE
	EndGlobalSection
	GlobalSection(ExtensibilityGlobals) = postSolution
		SolutionGuid = {6ADA6238-9C34-4342-A536-D2C9458A9C65}
	EndGlobalSection
EndGlobal
